
Microsoft Visual Studio Solution File, Format Version 12.00
# Visual Studio 15
VisualStudioVersion = 15.0.28010.2036
MinimumVisualStudioVersion = 10.0.40219.1
Project("{FAE04EC0-301F-11D3-BF4B-00C04F79EFBC}") = "Com.Segway.Robot.SdkBase", "Com.Segway.Robot.SdkBase\Com.Segway.Robot.SdkBase.csproj", "{3977C908-41FE-4A55-9820-938C1C459E95}"
EndProject
Project("{2150E333-8FDC-42A3-9474-1A3956D46DE8}") = "Samples", "Samples", "{1BE3E4F8-CB1D-4495-B5F7-E213C9E17A5D}"
EndProject
Project("{FAE04EC0-301F-11D3-BF4B-00C04F79EFBC}") = "LoomoSample", "LoomoSample\LoomoSample.csproj", "{8AADD58A-7770-4584-B4BD-D448E0AA32E8}"
EndProject
Project("{FAE04EC0-301F-11D3-BF4B-00C04F79EFBC}") = "Com.Segway.Robot.BasicClass", "Com.Segway.Robot.BasicClass\Com.Segway.Robot.BasicClass.csproj", "{B5426E08-F845-4BBF-8918-BF13BCED2E18}"
EndProject
Project("{FAE04EC0-301F-11D3-BF4B-00C04F79EFBC}") = "Com.Segway.Robot.BaseSdk", "Com.Segway.Robot.BaseSdk\Com.Segway.Robot.BaseSdk.csproj", "{BDB6DDEB-86D5-4C15-81EA-7D45C937EDB5}"
EndProject
Global
	GlobalSection(SolutionConfigurationPlatforms) = preSolution
		Debug|Any CPU = Debug|Any CPU
		Release|Any CPU = Release|Any CPU
	EndGlobalSection
	GlobalSection(ProjectConfigurationPlatforms) = postSolution
		{3977C908-41FE-4A55-9820-938C1C459E95}.Debug|Any CPU.ActiveCfg = Debug|Any CPU
		{3977C908-41FE-4A55-9820-938C1C459E95}.Debug|Any CPU.Build.0 = Debug|Any CPU
		{3977C908-41FE-4A55-9820-938C1C459E95}.Release|Any CPU.ActiveCfg = Release|Any CPU
		{3977C908-41FE-4A55-9820-938C1C459E95}.Release|Any CPU.Build.0 = Release|Any CPU
		{8AADD58A-7770-4584-B4BD-D448E0AA32E8}.Debug|Any CPU.ActiveCfg = Debug|Any CPU
		{8AADD58A-7770-4584-B4BD-D448E0AA32E8}.Debug|Any CPU.Build.0 = Debug|Any CPU
		{8AADD58A-7770-4584-B4BD-D448E0AA32E8}.Debug|Any CPU.Deploy.0 = Debug|Any CPU
		{8AADD58A-7770-4584-B4BD-D448E0AA32E8}.Release|Any CPU.ActiveCfg = Release|Any CPU
		{8AADD58A-7770-4584-B4BD-D448E0AA32E8}.Release|Any CPU.Build.0 = Release|Any CPU
		{8AADD58A-7770-4584-B4BD-D448E0AA32E8}.Release|Any CPU.Deploy.0 = Release|Any CPU
		{B5426E08-F845-4BBF-8918-BF13BCED2E18}.Debug|Any CPU.ActiveCfg = Debug|Any CPU
		{B5426E08-F845-4BBF-8918-BF13BCED2E18}.Debug|Any CPU.Build.0 = Debug|Any CPU
		{B5426E08-F845-4BBF-8918-BF13BCED2E18}.Release|Any CPU.ActiveCfg = Release|Any CPU
		{B5426E08-F845-4BBF-8918-BF13BCED2E18}.Release|Any CPU.Build.0 = Release|Any CPU
		{BDB6DDEB-86D5-4C15-81EA-7D45C937EDB5}.Debug|Any CPU.ActiveCfg = Debug|Any CPU
		{BDB6DDEB-86D5-4C15-81EA-7D45C937EDB5}.Debug|Any CPU.Build.0 = Debug|Any CPU
		{BDB6DDEB-86D5-4C15-81EA-7D45C937EDB5}.Release|Any CPU.ActiveCfg = Release|Any CPU
		{BDB6DDEB-86D5-4C15-81EA-7D45C937EDB5}.Release|Any CPU.Build.0 = Release|Any CPU
	EndGlobalSection
	GlobalSection(SolutionProperties) = preSolution
		HideSolutionNode = FALSE
	EndGlobalSection
	GlobalSection(NestedProjects) = preSolution
		{8AADD58A-7770-4584-B4BD-D448E0AA32E8} = {1BE3E4F8-CB1D-4495-B5F7-E213C9E17A5D}
	EndGlobalSection
	GlobalSection(ExtensibilityGlobals) = postSolution
		SolutionGuid = {F804EE6F-E611-4FC1-A5D4-0AFEB962E05E}
	EndGlobalSection
EndGlobal
